
Microsoft Visual Studio Solution File, Format Version 12.00
# Visual Studio Version 17
VisualStudioVersion = 17.5.002.0
MinimumVisualStudioVersion = 10.0.40219.1
Project("{2150E333-8FDC-42A3-9474-1A3956D46DE8}") = "articulate", "articulate", "{22BAE7EA-B5D4-4AE5-AE25-2708C6AB5D89}"
EndProject
Project("{9A19103F-16F7-4668-BE54-9A1E7A4F7556}") = "Unit02", "articulate\Unit02\Unit02.csproj", "{00138D51-2E1B-46CE-8906-9DF5A2444CA1}"
EndProject
Project("{9A19103F-16F7-4668-BE54-9A1E7A4F7556}") = "Unit03", "articulate\Unit03\Unit03.csproj", "{2F7DACEF-806B-4375-BDEA-84BF69E8E906}"
EndProject
Project("{9A19103F-16F7-4668-BE54-9A1E7A4F7556}") = "Unit04", "articulate\Unit04\Unit04.csproj", "{57A38839-91A8-44CE-B181-7DA58C0DA9A2}"
EndProject
Project("{9A19103F-16F7-4668-BE54-9A1E7A4F7556}") = "Unit05", "articulate\Unit05\Unit05.csproj", "{809BAF9D-10A7-446A-8C1C-43E069BF4AE1}"
EndProject
Project("{9A19103F-16F7-4668-BE54-9A1E7A4F7556}") = "Unit06", "articulate\Unit06\Unit06.csproj", "{68C7D21F-26CF-4AAE-9FED-C266F639FE65}"
EndProject
Project("{2150E333-8FDC-42A3-9474-1A3956D46DE8}") = "articulate-complete", "articulate-complete", "{51BD0F7F-BDF2-4B30-A8D8-C176BBCDAECE}"
EndProject
Project("{9A19103F-16F7-4668-BE54-9A1E7A4F7556}") = "Unit02", "articulate-complete\Unit02\Unit02.csproj", "{C4F0B792-C3FE-4133-833F-F92956865AA3}"
EndProject
Project("{9A19103F-16F7-4668-BE54-9A1E7A4F7556}") = "Unit03", "articulate-complete\Unit03\Unit03.csproj", "{3AC293C9-DA55-4374-BCCE-5623BA630B76}"
EndProject
Project("{9A19103F-16F7-4668-BE54-9A1E7A4F7556}") = "Unit04", "articulate-complete\Unit04\Unit04.csproj", "{A0246FFD-D360-492D-8A4E-1BD92D4F840F}"
EndProject
Project("{9A19103F-16F7-4668-BE54-9A1E7A4F7556}") = "Unit05", "articulate-complete\Unit05\Unit05.csproj", "{160832AA-9BB2-41F7-BDCD-0B9AFEAEDD74}"
EndProject
Project("{9A19103F-16F7-4668-BE54-9A1E7A4F7556}") = "Unit06", "articulate-complete\Unit06\Unit06.csproj", "{4264DE32-155E-4BEA-AEA0-B40E57B6C9E9}"
EndProject
Project("{2150E333-8FDC-42A3-9474-1A3956D46DE8}") = "csharp-prep", "csharp-prep", "{DE74D8F0-72F4-4600-800E-35D3D2334C36}"
EndProject
Project("{9A19103F-16F7-4668-BE54-9A1E7A4F7556}") = "Prep1", "csharp-prep\Prep1\Prep1.csproj", "{F8BBD4CE-E907-45BF-BE6E-0EEADD002C5A}"
EndProject
Project("{9A19103F-16F7-4668-BE54-9A1E7A4F7556}") = "Prep2", "csharp-prep\Prep2\Prep2.csproj", "{2362B529-6687-487E-8027-FF46808C5711}"
EndProject
Project("{9A19103F-16F7-4668-BE54-9A1E7A4F7556}") = "Prep3", "csharp-prep\Prep3\Prep3.csproj", "{988B8311-88A8-475B-A137-A5C60303634B}"
EndProject
Project("{9A19103F-16F7-4668-BE54-9A1E7A4F7556}") = "Prep4", "csharp-prep\Prep4\Prep4.csproj", "{7D38B7E1-1A2B-48A2-BE19-277FA2BF5B8E}"
EndProject
Project("{9A19103F-16F7-4668-BE54-9A1E7A4F7556}") = "Prep5", "csharp-prep\Prep5\Prep5.csproj", "{6FFCF64E-EC82-4936-9A68-8A76FAB814F4}"
EndProject
Project("{2150E333-8FDC-42A3-9474-1A3956D46DE8}") = "developer", "developer", "{208ACE00-3419-472A-8CD0-18106BC532CB}"
EndProject
Project("{9A19103F-16F7-4668-BE54-9A1E7A4F7556}") = "Unit01", "developer\Unit01\Unit01.csproj", "{6E9ED41A-E8FA-4853-9733-B2811E2C170E}"
EndProject
Project("{9A19103F-16F7-4668-BE54-9A1E7A4F7556}") = "Unit02", "developer\Unit02\Unit02.csproj", "{0ADAA69E-3E9A-4155-BD4A-C7162686D436}"
EndProject
Project("{9A19103F-16F7-4668-BE54-9A1E7A4F7556}") = "Unit03", "developer\Unit03\Unit03.csproj", "{BC9DEC26-7836-42A9-BFB0-D2FAA4ABA140}"
EndProject
Project("{9A19103F-16F7-4668-BE54-9A1E7A4F7556}") = "Unit04", "developer\Unit04\Unit04.csproj", "{0EC86D79-D12B-465F-89CD-3D1BFE930DD8}"
EndProject
Project("{9A19103F-16F7-4668-BE54-9A1E7A4F7556}") = "Unit05", "developer\Unit05\Unit05.csproj", "{2700B67D-EFE2-48EB-98F0-8E8975E53031}"
EndProject
Project("{9A19103F-16F7-4668-BE54-9A1E7A4F7556}") = "Unit06", "developer\Unit06\Unit06.csproj", "{DC0F3852-DEE2-4F96-B1BC-1F7234E2EA61}"
EndProject
Project("{2150E333-8FDC-42A3-9474-1A3956D46DE8}") = "sandbox", "sandbox", "{1A337FAA-7BB6-4824-9A1C-1006F28D0864}"
EndProject
Project("{9A19103F-16F7-4668-BE54-9A1E7A4F7556}") = "SandboxProject", "sandbox\SandboxProject\SandboxProject.csproj", "{106B24D1-C860-493B-BB52-DFA13CFAFA67}"
EndProject
Global
	GlobalSection(SolutionConfigurationPlatforms) = preSolution
		Debug|Any CPU = Debug|Any CPU
		Release|Any CPU = Release|Any CPU
	EndGlobalSection
	GlobalSection(ProjectConfigurationPlatforms) = postSolution
		{00138D51-2E1B-46CE-8906-9DF5A2444CA1}.Debug|Any CPU.ActiveCfg = Debug|Any CPU
		{00138D51-2E1B-46CE-8906-9DF5A2444CA1}.Debug|Any CPU.Build.0 = Debug|Any CPU
		{00138D51-2E1B-46CE-8906-9DF5A2444CA1}.Release|Any CPU.ActiveCfg = Release|Any CPU
		{00138D51-2E1B-46CE-8906-9DF5A2444CA1}.Release|Any CPU.Build.0 = Release|Any CPU
		{2F7DACEF-806B-4375-BDEA-84BF69E8E906}.Debug|Any CPU.ActiveCfg = Debug|Any CPU
		{2F7DACEF-806B-4375-BDEA-84BF69E8E906}.Debug|Any CPU.Build.0 = Debug|Any CPU
		{2F7DACEF-806B-4375-BDEA-84BF69E8E906}.Release|Any CPU.ActiveCfg = Release|Any CPU
		{2F7DACEF-806B-4375-BDEA-84BF69E8E906}.Release|Any CPU.Build.0 = Release|Any CPU
		{57A38839-91A8-44CE-B181-7DA58C0DA9A2}.Debug|Any CPU.ActiveCfg = Debug|Any CPU
		{57A38839-91A8-44CE-B181-7DA58C0DA9A2}.Debug|Any CPU.Build.0 = Debug|Any CPU
		{57A38839-91A8-44CE-B181-7DA58C0DA9A2}.Release|Any CPU.ActiveCfg = Release|Any CPU
		{57A38839-91A8-44CE-B181-7DA58C0DA9A2}.Release|Any CPU.Build.0 = Release|Any CPU
		{809BAF9D-10A7-446A-8C1C-43E069BF4AE1}.Debug|Any CPU.ActiveCfg = Debug|Any CPU
		{809BAF9D-10A7-446A-8C1C-43E069BF4AE1}.Debug|Any CPU.Build.0 = Debug|Any CPU
		{809BAF9D-10A7-446A-8C1C-43E069BF4AE1}.Release|Any CPU.ActiveCfg = Release|Any CPU
		{809BAF9D-10A7-446A-8C1C-43E069BF4AE1}.Release|Any CPU.Build.0 = Release|Any CPU
		{68C7D21F-26CF-4AAE-9FED-C266F639FE65}.Debug|Any CPU.ActiveCfg = Debug|Any CPU
		{68C7D21F-26CF-4AAE-9FED-C266F639FE65}.Debug|Any CPU.Build.0 = Debug|Any CPU
		{68C7D21F-26CF-4AAE-9FED-C266F639FE65}.Release|Any CPU.ActiveCfg = Release|Any CPU
		{68C7D21F-26CF-4AAE-9FED-C266F639FE65}.Release|Any CPU.Build.0 = Release|Any CPU
		{C4F0B792-C3FE-4133-833F-F92956865AA3}.Debug|Any CPU.ActiveCfg = Debug|Any CPU
		{C4F0B792-C3FE-4133-833F-F92956865AA3}.Debug|Any CPU.Build.0 = Debug|Any CPU
		{C4F0B792-C3FE-4133-833F-F92956865AA3}.Release|Any CPU.ActiveCfg = Release|Any CPU
		{C4F0B792-C3FE-4133-833F-F92956865AA3}.Release|Any CPU.Build.0 = Release|Any CPU
		{3AC293C9-DA55-4374-BCCE-5623BA630B76}.Debug|Any CPU.ActiveCfg = Debug|Any CPU
		{3AC293C9-DA55-4374-BCCE-5623BA630B76}.Debug|Any CPU.Build.0 = Debug|Any CPU
		{3AC293C9-DA55-4374-BCCE-5623BA630B76}.Release|Any CPU.ActiveCfg = Release|Any CPU
		{3AC293C9-DA55-4374-BCCE-5623BA630B76}.Release|Any CPU.Build.0 = Release|Any CPU
		{A0246FFD-D360-492D-8A4E-1BD92D4F840F}.Debug|Any CPU.ActiveCfg = Debug|Any CPU
		{A0246FFD-D360-492D-8A4E-1BD92D4F840F}.Debug|Any CPU.Build.0 = Debug|Any CPU
		{A0246FFD-D360-492D-8A4E-1BD92D4F840F}.Release|Any CPU.ActiveCfg = Release|Any CPU
		{A0246FFD-D360-492D-8A4E-1BD92D4F840F}.Release|Any CPU.Build.0 = Release|Any CPU
		{160832AA-9BB2-41F7-BDCD-0B9AFEAEDD74}.Debug|Any CPU.ActiveCfg = Debug|Any CPU
		{160832AA-9BB2-41F7-BDCD-0B9AFEAEDD74}.Debug|Any CPU.Build.0 = Debug|Any CPU
		{160832AA-9BB2-41F7-BDCD-0B9AFEAEDD74}.Release|Any CPU.ActiveCfg = Release|Any CPU
		{160832AA-9BB2-41F7-BDCD-0B9AFEAEDD74}.Release|Any CPU.Build.0 = Release|Any CPU
		{4264DE32-155E-4BEA-AEA0-B40E57B6C9E9}.Debug|Any CPU.ActiveCfg = Debug|Any CPU
		{4264DE32-155E-4BEA-AEA0-B40E57B6C9E9}.Debug|Any CPU.Build.0 = Debug|Any CPU
		{4264DE32-155E-4BEA-AEA0-B40E57B6C9E9}.Release|Any CPU.ActiveCfg = Release|Any CPU
		{4264DE32-155E-4BEA-AEA0-B40E57B6C9E9}.Release|Any CPU.Build.0 = Release|Any CPU
		{F8BBD4CE-E907-45BF-BE6E-0EEADD002C5A}.Debug|Any CPU.ActiveCfg = Debug|Any CPU
		{F8BBD4CE-E907-45BF-BE6E-0EEADD002C5A}.Debug|Any CPU.Build.0 = Debug|Any CPU
		{F8BBD4CE-E907-45BF-BE6E-0EEADD002C5A}.Release|Any CPU.ActiveCfg = Release|Any CPU
		{F8BBD4CE-E907-45BF-BE6E-0EEADD002C5A}.Release|Any CPU.Build.0 = Release|Any CPU
		{2362B529-6687-487E-8027-FF46808C5711}.Debug|Any CPU.ActiveCfg = Debug|Any CPU
		{2362B529-6687-487E-8027-FF46808C5711}.Debug|Any CPU.Build.0 = Debug|Any CPU
		{2362B529-6687-487E-8027-FF46808C5711}.Release|Any CPU.ActiveCfg = Release|Any CPU
		{2362B529-6687-487E-8027-FF46808C5711}.Release|Any CPU.Build.0 = Release|Any CPU
		{988B8311-88A8-475B-A137-A5C60303634B}.Debug|Any CPU.ActiveCfg = Debug|Any CPU
		{988B8311-88A8-475B-A137-A5C60303634B}.Debug|Any CPU.Build.0 = Debug|Any CPU
		{988B8311-88A8-475B-A137-A5C60303634B}.Release|Any CPU.ActiveCfg = Release|Any CPU
		{988B8311-88A8-475B-A137-A5C60303634B}.Release|Any CPU.Build.0 = Release|Any CPU
		{7D38B7E1-1A2B-48A2-BE19-277FA2BF5B8E}.Debug|Any CPU.ActiveCfg = Debug|Any CPU
		{7D38B7E1-1A2B-48A2-BE19-277FA2BF5B8E}.Debug|Any CPU.Build.0 = Debug|Any CPU
		{7D38B7E1-1A2B-48A2-BE19-277FA2BF5B8E}.Release|Any CPU.ActiveCfg = Release|Any CPU
		{7D38B7E1-1A2B-48A2-BE19-277FA2BF5B8E}.Release|Any CPU.Build.0 = Release|Any CPU
		{6FFCF64E-EC82-4936-9A68-8A76FAB814F4}.Debug|Any CPU.ActiveCfg = Debug|Any CPU
		{6FFCF64E-EC82-4936-9A68-8A76FAB814F4}.Debug|Any CPU.Build.0 = Debug|Any CPU
		{6FFCF64E-EC82-4936-9A68-8A76FAB814F4}.Release|Any CPU.ActiveCfg = Release|Any CPU
		{6FFCF64E-EC82-4936-9A68-8A76FAB814F4}.Release|Any CPU.Build.0 = Release|Any CPU
		{6E9ED41A-E8FA-4853-9733-B2811E2C170E}.Debug|Any CPU.ActiveCfg = Debug|Any CPU
		{6E9ED41A-E8FA-4853-9733-B2811E2C170E}.Debug|Any CPU.Build.0 = Debug|Any CPU
		{6E9ED41A-E8FA-4853-9733-B2811E2C170E}.Release|Any CPU.ActiveCfg = Release|Any CPU
		{6E9ED41A-E8FA-4853-9733-B2811E2C170E}.Release|Any CPU.Build.0 = Release|Any CPU
		{0ADAA69E-3E9A-4155-BD4A-C7162686D436}.Debug|Any CPU.ActiveCfg = Debug|Any CPU
		{0ADAA69E-3E9A-4155-BD4A-C7162686D436}.Debug|Any CPU.Build.0 = Debug|Any CPU
		{0ADAA69E-3E9A-4155-BD4A-C7162686D436}.Release|Any CPU.ActiveCfg = Release|Any CPU
		{0ADAA69E-3E9A-4155-BD4A-C7162686D436}.Release|Any CPU.Build.0 = Release|Any CPU
		{BC9DEC26-7836-42A9-BFB0-D2FAA4ABA140}.Debug|Any CPU.ActiveCfg = Debug|Any CPU
		{BC9DEC26-7836-42A9-BFB0-D2FAA4ABA140}.Debug|Any CPU.Build.0 = Debug|Any CPU
		{BC9DEC26-7836-42A9-BFB0-D2FAA4ABA140}.Release|Any CPU.ActiveCfg = Release|Any CPU
		{BC9DEC26-7836-42A9-BFB0-D2FAA4ABA140}.Release|Any CPU.Build.0 = Release|Any CPU
		{0EC86D79-D12B-465F-89CD-3D1BFE930DD8}.Debug|Any CPU.ActiveCfg = Debug|Any CPU
		{0EC86D79-D12B-465F-89CD-3D1BFE930DD8}.Debug|Any CPU.Build.0 = Debug|Any CPU
		{0EC86D79-D12B-465F-89CD-3D1BFE930DD8}.Release|Any CPU.ActiveCfg = Release|Any CPU
		{0EC86D79-D12B-465F-89CD-3D1BFE930DD8}.Release|Any CPU.Build.0 = Release|Any CPU
		{2700B67D-EFE2-48EB-98F0-8E8975E53031}.Debug|Any CPU.ActiveCfg = Debug|Any CPU
		{2700B67D-EFE2-48EB-98F0-8E8975E53031}.Debug|Any CPU.Build.0 = Debug|Any CPU
		{2700B67D-EFE2-48EB-98F0-8E8975E53031}.Release|Any CPU.ActiveCfg = Release|Any CPU
		{2700B67D-EFE2-48EB-98F0-8E8975E53031}.Release|Any CPU.Build.0 = Release|Any CPU
		{DC0F3852-DEE2-4F96-B1BC-1F7234E2EA61}.Debug|Any CPU.ActiveCfg = Debug|Any CPU
		{DC0F3852-DEE2-4F96-B1BC-1F7234E2EA61}.Debug|Any CPU.Build.0 = Debug|Any CPU
		{DC0F3852-DEE2-4F96-B1BC-1F7234E2EA61}.Release|Any CPU.ActiveCfg = Release|Any CPU
		{DC0F3852-DEE2-4F96-B1BC-1F7234E2EA61}.Release|Any CPU.Build.0 = Release|Any CPU
		{106B24D1-C860-493B-BB52-DFA13CFAFA67}.Debug|Any CPU.ActiveCfg = Debug|Any CPU
		{106B24D1-C860-493B-BB52-DFA13CFAFA67}.Debug|Any CPU.Build.0 = Debug|Any CPU
		{106B24D1-C860-493B-BB52-DFA13CFAFA67}.Release|Any CPU.ActiveCfg = Release|Any CPU
		{106B24D1-C860-493B-BB52-DFA13CFAFA67}.Release|Any CPU.Build.0 = Release|Any CPU
	EndGlobalSection
	GlobalSection(SolutionProperties) = preSolution
		HideSolutionNode = FALSE
	EndGlobalSection
	GlobalSection(NestedProjects) = preSolution
		{00138D51-2E1B-46CE-8906-9DF5A2444CA1} = {22BAE7EA-B5D4-4AE5-AE25-2708C6AB5D89}
		{2F7DACEF-806B-4375-BDEA-84BF69E8E906} = {22BAE7EA-B5D4-4AE5-AE25-2708C6AB5D89}
		{57A38839-91A8-44CE-B181-7DA58C0DA9A2} = {22BAE7EA-B5D4-4AE5-AE25-2708C6AB5D89}
		{809BAF9D-10A7-446A-8C1C-43E069BF4AE1} = {22BAE7EA-B5D4-4AE5-AE25-2708C6AB5D89}
		{68C7D21F-26CF-4AAE-9FED-C266F639FE65} = {22BAE7EA-B5D4-4AE5-AE25-2708C6AB5D89}
		{C4F0B792-C3FE-4133-833F-F92956865AA3} = {51BD0F7F-BDF2-4B30-A8D8-C176BBCDAECE}
		{3AC293C9-DA55-4374-BCCE-5623BA630B76} = {51BD0F7F-BDF2-4B30-A8D8-C176BBCDAECE}
		{A0246FFD-D360-492D-8A4E-1BD92D4F840F} = {51BD0F7F-BDF2-4B30-A8D8-C176BBCDAECE}
		{160832AA-9BB2-41F7-BDCD-0B9AFEAEDD74} = {51BD0F7F-BDF2-4B30-A8D8-C176BBCDAECE}
		{4264DE32-155E-4BEA-AEA0-B40E57B6C9E9} = {51BD0F7F-BDF2-4B30-A8D8-C176BBCDAECE}
		{F8BBD4CE-E907-45BF-BE6E-0EEADD002C5A} = {DE74D8F0-72F4-4600-800E-35D3D2334C36}
		{2362B529-6687-487E-8027-FF46808C5711} = {DE74D8F0-72F4-4600-800E-35D3D2334C36}
		{988B8311-88A8-475B-A137-A5C60303634B} = {DE74D8F0-72F4-4600-800E-35D3D2334C36}
		{7D38B7E1-1A2B-48A2-BE19-277FA2BF5B8E} = {DE74D8F0-72F4-4600-800E-35D3D2334C36}
		{6FFCF64E-EC82-4936-9A68-8A76FAB814F4} = {DE74D8F0-72F4-4600-800E-35D3D2334C36}
		{6E9ED41A-E8FA-4853-9733-B2811E2C170E} = {208ACE00-3419-472A-8CD0-18106BC532CB}
		{0ADAA69E-3E9A-4155-BD4A-C7162686D436} = {208ACE00-3419-472A-8CD0-18106BC532CB}
		{BC9DEC26-7836-42A9-BFB0-D2FAA4ABA140} = {208ACE00-3419-472A-8CD0-18106BC532CB}
		{0EC86D79-D12B-465F-89CD-3D1BFE930DD8} = {208ACE00-3419-472A-8CD0-18106BC532CB}
		{2700B67D-EFE2-48EB-98F0-8E8975E53031} = {208ACE00-3419-472A-8CD0-18106BC532CB}
		{DC0F3852-DEE2-4F96-B1BC-1F7234E2EA61} = {208ACE00-3419-472A-8CD0-18106BC532CB}
		{106B24D1-C860-493B-BB52-DFA13CFAFA67} = {1A337FAA-7BB6-4824-9A1C-1006F28D0864}
	EndGlobalSection
	GlobalSection(ExtensibilityGlobals) = postSolution
		SolutionGuid = {E233A61F-84EC-4C2E-9C03-96BE8A41E0BC}
	EndGlobalSection
EndGlobal
